{
  "version": 4,
  "terraform_version": "1.6.2",
  "serial": 16,
  "lineage": "8c8fcbe5-706d-6676-d768-9555d71e7aed",
  "outputs": {
    "user_name": {
      "value": [
        "User_AWS_1",
        "User_AWS_2",
        "User_AWS_3"
      ],
      "type": [
        "tuple",
        [
          "string",
          "string",
          "string"
        ]
      ]
    },
    "user_unique_id": {
      "value": [
        "AIDA2SFJ5YEIKMSAPGILI",
        "AIDA2SFJ5YEICH45UJBFD",
        "AIDA2SFJ5YEIA4ORTKRBW"
      ],
      "type": [
        "tuple",
        [
          "string",
          "string",
          "string"
        ]
      ]
    }
  },
  "resources": [
    {
      "mode": "managed",
      "type": "aws_iam_group",
      "name": "group",
      "provider": "provider[\"registry.terraform.io/hashicorp/aws\"]",
      "instances": [
        {
          "schema_version": 0,
          "attributes": {
            "arn": "arn:aws:iam::726205841680:group/User_AWS_Group",
            "id": "User_AWS_Group",
            "name": "User_AWS_Group",
            "path": "/",
            "unique_id": "AGPA2SFJ5YEILO2QRVCYA"
          },
          "sensitive_attributes": [],
          "private": "bnVsbA=="
        }
      ]
    },
    {
      "mode": "managed",
      "type": "aws_iam_group_membership",
      "name": "group_membership",
      "provider": "provider[\"registry.terraform.io/hashicorp/aws\"]",
      "instances": [
        {
          "index_key": 0,
          "schema_version": 0,
          "attributes": {
            "group": "User_AWS_Group",
            "id": "IAM_GROUP_ME",
            "name": "IAM_GROUP_ME",
            "users": [
              "User_AWS_1"
            ]
          },
          "sensitive_attributes": [],
          "private": "bnVsbA==",
          "dependencies": [
            "aws_iam_group.group",
            "aws_iam_user.users"
          ]
        },
        {
          "index_key": 1,
          "schema_version": 0,
          "attributes": {
            "group": "User_AWS_Group",
            "id": "IAM_GROUP_ME",
            "name": "IAM_GROUP_ME",
            "users": [
              "User_AWS_2"
            ]
          },
          "sensitive_attributes": [],
          "private": "bnVsbA==",
          "dependencies": [
            "aws_iam_group.group",
            "aws_iam_user.users"
          ]
        },
        {
          "index_key": 2,
          "schema_version": 0,
          "attributes": {
            "group": "User_AWS_Group",
            "id": "IAM_GROUP_ME",
            "name": "IAM_GROUP_ME",
            "users": [
              "User_AWS_3"
            ]
          },
          "sensitive_attributes": [],
          "private": "bnVsbA==",
          "dependencies": [
            "aws_iam_group.group",
            "aws_iam_user.users"
          ]
        }
      ]
    },
    {
      "mode": "managed",
      "type": "aws_iam_group_policy",
      "name": "group_policy",
      "provider": "provider[\"registry.terraform.io/hashicorp/aws\"]",
      "instances": [
        {
          "schema_version": 0,
          "attributes": {
            "group": "User_AWS_Group",
            "id": "User_AWS_Group:production_policy",
            "name": "production_policy",
            "name_prefix": "",
            "policy": "{\"Version\":\"2012-10-17\",\"Statement\":[{\"Action\":[\"ec2:Describe*\"],\"Effect\":\"Allow\",\"Resource\":\"*\"}]}"
          },
          "sensitive_attributes": [],
          "private": "bnVsbA==",
          "dependencies": [
            "aws_iam_group.group"
          ]
        }
      ]
    },
    {
      "mode": "managed",
      "type": "aws_iam_user",
      "name": "users",
      "provider": "provider[\"registry.terraform.io/hashicorp/aws\"]",
      "instances": [
        {
          "index_key": 0,
          "schema_version": 0,
          "attributes": {
            "arn": "arn:aws:iam::726205841680:user/User_AWS_1",
            "force_destroy": false,
            "id": "User_AWS_1",
            "name": "User_AWS_1",
            "path": "/",
            "permissions_boundary": "",
            "tags": {
              "Enviro": "Production"
            },
            "tags_all": {
              "Enviro": "Production"
            },
            "unique_id": "AIDA2SFJ5YEIKMSAPGILI"
          },
          "sensitive_attributes": [],
          "private": "bnVsbA=="
        },
        {
          "index_key": 1,
          "schema_version": 0,
          "attributes": {
            "arn": "arn:aws:iam::726205841680:user/User_AWS_2",
            "force_destroy": false,
            "id": "User_AWS_2",
            "name": "User_AWS_2",
            "path": "/",
            "permissions_boundary": "",
            "tags": {
              "Enviro": "Production"
            },
            "tags_all": {
              "Enviro": "Production"
            },
            "unique_id": "AIDA2SFJ5YEICH45UJBFD"
          },
          "sensitive_attributes": [],
          "private": "bnVsbA=="
        },
        {
          "index_key": 2,
          "schema_version": 0,
          "attributes": {
            "arn": "arn:aws:iam::726205841680:user/User_AWS_3",
            "force_destroy": false,
            "id": "User_AWS_3",
            "name": "User_AWS_3",
            "path": "/",
            "permissions_boundary": "",
            "tags": {
              "Enviro": "Production"
            },
            "tags_all": {
              "Enviro": "Production"
            },
            "unique_id": "AIDA2SFJ5YEIA4ORTKRBW"
          },
          "sensitive_attributes": [],
          "private": "bnVsbA=="
        }
      ]
    }
  ],
  "check_results": null
}
