{
  "version": 4,
  "terraform_version": "1.6.2",
  "serial": 62,
  "lineage": "ff261053-5ba9-bda5-5161-aa712fc420ab",
  "outputs": {},
  "resources": [
    {
      "mode": "managed",
      "type": "aws_iam_user",
      "name": "iam_user",
      "provider": "provider[\"registry.terraform.io/hashicorp/aws\"]",
      "instances": [
        {
          "index_key": "Austin",
          "schema_version": 0,
          "attributes": {
            "arn": "arn:aws:iam::726205841680:user/Austin",
            "force_destroy": false,
            "id": "Austin",
            "name": "Austin",
            "path": "/",
            "permissions_boundary": "",
            "tags": {
              "created_on": "2023-11-06T10:27:58Z"
            },
            "tags_all": {
              "created_on": "2023-11-06T10:27:58Z"
            },
            "unique_id": "AIDA2SFJ5YEIMKHV3TWUR"
          },
          "sensitive_attributes": [],
          "private": "bnVsbA=="
        },
        {
          "index_key": "Dave",
          "schema_version": 0,
          "attributes": {
            "arn": "arn:aws:iam::726205841680:user/Dave",
            "force_destroy": false,
            "id": "Dave",
            "name": "Dave",
            "path": "/",
            "permissions_boundary": "",
            "tags": {
              "created_on": "2023-11-06T10:27:58Z"
            },
            "tags_all": {
              "created_on": "2023-11-06T10:27:58Z"
            },
            "unique_id": "AIDA2SFJ5YEIDXPNVQRSP"
          },
          "sensitive_attributes": [],
          "private": "bnVsbA=="
        },
        {
          "index_key": "Mille",
          "schema_version": 0,
          "attributes": {
            "arn": "arn:aws:iam::726205841680:user/Mille",
            "force_destroy": false,
            "id": "Mille",
            "name": "Mille",
            "path": "/",
            "permissions_boundary": "",
            "tags": {
              "created_on": "2023-11-06T10:27:58Z"
            },
            "tags_all": {
              "created_on": "2023-11-06T10:27:58Z"
            },
            "unique_id": "AIDA2SFJ5YEIGYY366ZR3"
          },
          "sensitive_attributes": [],
          "private": "bnVsbA=="
        }
      ]
    },
    {
      "mode": "managed",
      "type": "aws_instance",
      "name": "Instance1",
      "provider": "provider[\"registry.terraform.io/hashicorp/aws\"].northvirginia",
      "instances": [
        {
          "schema_version": 1,
          "attributes": {
            "ami": "ami-01bc990364452ab3e",
            "arn": "arn:aws:ec2:us-east-1:726205841680:instance/i-0808cd07a3aa5a6ae",
            "associate_public_ip_address": true,
            "availability_zone": "us-east-1c",
            "capacity_reservation_specification": [
              {
                "capacity_reservation_preference": "open",
                "capacity_reservation_target": []
              }
            ],
            "cpu_core_count": 1,
            "cpu_options": [
              {
                "amd_sev_snp": "",
                "core_count": 1,
                "threads_per_core": 1
              }
            ],
            "cpu_threads_per_core": 1,
            "credit_specification": [
              {
                "cpu_credits": "standard"
              }
            ],
            "disable_api_stop": false,
            "disable_api_termination": false,
            "ebs_block_device": [],
            "ebs_optimized": false,
            "enclave_options": [
              {
                "enabled": false
              }
            ],
            "ephemeral_block_device": [],
            "get_password_data": false,
            "hibernation": false,
            "host_id": "",
            "host_resource_group_arn": null,
            "iam_instance_profile": "",
            "id": "i-0808cd07a3aa5a6ae",
            "instance_initiated_shutdown_behavior": "stop",
            "instance_lifecycle": "",
            "instance_market_options": [],
            "instance_state": "running",
            "instance_type": "t2.micro",
            "ipv6_address_count": 0,
            "ipv6_addresses": [],
            "key_name": "",
            "launch_template": [],
            "maintenance_options": [
              {
                "auto_recovery": "default"
              }
            ],
            "metadata_options": [
              {
                "http_endpoint": "enabled",
                "http_protocol_ipv6": "disabled",
                "http_put_response_hop_limit": 2,
                "http_tokens": "required",
                "instance_metadata_tags": "disabled"
              }
            ],
            "monitoring": false,
            "network_interface": [],
            "outpost_arn": "",
            "password_data": "",
            "placement_group": "",
            "placement_partition_number": 0,
            "primary_network_interface_id": "eni-0d148bd3d1a907094",
            "private_dns": "ip-172-31-30-229.ec2.internal",
            "private_dns_name_options": [
              {
                "enable_resource_name_dns_a_record": false,
                "enable_resource_name_dns_aaaa_record": false,
                "hostname_type": "ip-name"
              }
            ],
            "private_ip": "172.31.30.229",
            "public_dns": "ec2-34-229-79-154.compute-1.amazonaws.com",
            "public_ip": "34.229.79.154",
            "root_block_device": [
              {
                "delete_on_termination": true,
                "device_name": "/dev/xvda",
                "encrypted": false,
                "iops": 3000,
                "kms_key_id": "",
                "tags": {},
                "throughput": 125,
                "volume_id": "vol-055f74b7e0a75e523",
                "volume_size": 8,
                "volume_type": "gp3"
              }
            ],
            "secondary_private_ips": [],
            "security_groups": [
              "Security_east_2"
            ],
            "source_dest_check": true,
            "spot_instance_request_id": "",
            "subnet_id": "subnet-0129ccec085b93a08",
            "tags": {
              "Enviroment": "Staging",
              "Name": "Instance_us_east"
            },
            "tags_all": {
              "Enviroment": "Staging",
              "Name": "Instance_us_east"
            },
            "tenancy": "default",
            "timeouts": null,
            "user_data": null,
            "user_data_base64": null,
            "user_data_replace_on_change": false,
            "volume_tags": null,
            "vpc_security_group_ids": [
              "sg-03972f238b59f4d00"
            ]
          },
          "sensitive_attributes": [],
          "private": "eyJlMmJmYjczMC1lY2FhLTExZTYtOGY4OC0zNDM2M2JjN2M0YzAiOnsiY3JlYXRlIjo2MDAwMDAwMDAwMDAsImRlbGV0ZSI6MTIwMDAwMDAwMDAwMCwidXBkYXRlIjo2MDAwMDAwMDAwMDB9LCJzY2hlbWFfdmVyc2lvbiI6IjEifQ==",
          "dependencies": [
            "aws_iam_user.iam_user",
            "aws_security_group.east_2_sg"
          ]
        }
      ]
    },
    {
      "mode": "managed",
      "type": "aws_instance",
      "name": "Instance2",
      "provider": "provider[\"registry.terraform.io/hashicorp/aws\"]",
      "instances": [
        {
          "schema_version": 1,
          "attributes": {
            "ami": "ami-08cba41c585e4a2e2",
            "arn": "arn:aws:ec2:us-east-2:726205841680:instance/i-02b1ff97bc02032c6",
            "associate_public_ip_address": true,
            "availability_zone": "us-east-2b",
            "capacity_reservation_specification": [
              {
                "capacity_reservation_preference": "open",
                "capacity_reservation_target": []
              }
            ],
            "cpu_core_count": 1,
            "cpu_options": [
              {
                "amd_sev_snp": "",
                "core_count": 1,
                "threads_per_core": 1
              }
            ],
            "cpu_threads_per_core": 1,
            "credit_specification": [
              {
                "cpu_credits": "standard"
              }
            ],
            "disable_api_stop": false,
            "disable_api_termination": false,
            "ebs_block_device": [],
            "ebs_optimized": false,
            "enclave_options": [
              {
                "enabled": false
              }
            ],
            "ephemeral_block_device": [],
            "get_password_data": false,
            "hibernation": false,
            "host_id": "",
            "host_resource_group_arn": null,
            "iam_instance_profile": "",
            "id": "i-02b1ff97bc02032c6",
            "instance_initiated_shutdown_behavior": "stop",
            "instance_lifecycle": "",
            "instance_market_options": [],
            "instance_state": "running",
            "instance_type": "t2.micro",
            "ipv6_address_count": 0,
            "ipv6_addresses": [],
            "key_name": "",
            "launch_template": [],
            "maintenance_options": [
              {
                "auto_recovery": "default"
              }
            ],
            "metadata_options": [
              {
                "http_endpoint": "enabled",
                "http_protocol_ipv6": "disabled",
                "http_put_response_hop_limit": 2,
                "http_tokens": "required",
                "instance_metadata_tags": "disabled"
              }
            ],
            "monitoring": false,
            "network_interface": [],
            "outpost_arn": "",
            "password_data": "",
            "placement_group": "",
            "placement_partition_number": 0,
            "primary_network_interface_id": "eni-0109de681884ff299",
            "private_dns": "ip-172-31-17-70.us-east-2.compute.internal",
            "private_dns_name_options": [
              {
                "enable_resource_name_dns_a_record": false,
                "enable_resource_name_dns_aaaa_record": false,
                "hostname_type": "ip-name"
              }
            ],
            "private_ip": "172.31.17.70",
            "public_dns": "ec2-3-144-201-197.us-east-2.compute.amazonaws.com",
            "public_ip": "3.144.201.197",
            "root_block_device": [
              {
                "delete_on_termination": true,
                "device_name": "/dev/xvda",
                "encrypted": false,
                "iops": 3000,
                "kms_key_id": "",
                "tags": {},
                "throughput": 125,
                "volume_id": "vol-08fedfbd1332c49ab",
                "volume_size": 8,
                "volume_type": "gp3"
              }
            ],
            "secondary_private_ips": [],
            "security_groups": [
              "Security_east_1"
            ],
            "source_dest_check": true,
            "spot_instance_request_id": "",
            "subnet_id": "subnet-09004970abb08ddb6",
            "tags": {
              "Enviroment": "Staging",
              "Name": "Instance_us_east_2"
            },
            "tags_all": {
              "Enviroment": "Staging",
              "Name": "Instance_us_east_2"
            },
            "tenancy": "default",
            "timeouts": null,
            "user_data": null,
            "user_data_base64": null,
            "user_data_replace_on_change": false,
            "volume_tags": null,
            "vpc_security_group_ids": [
              "sg-0acf3c1d73df5397d"
            ]
          },
          "sensitive_attributes": [],
          "private": "eyJlMmJmYjczMC1lY2FhLTExZTYtOGY4OC0zNDM2M2JjN2M0YzAiOnsiY3JlYXRlIjo2MDAwMDAwMDAwMDAsImRlbGV0ZSI6MTIwMDAwMDAwMDAwMCwidXBkYXRlIjo2MDAwMDAwMDAwMDB9LCJzY2hlbWFfdmVyc2lvbiI6IjEifQ==",
          "dependencies": [
            "aws_iam_user.iam_user",
            "aws_security_group.east_1_sg"
          ]
        }
      ]
    },
    {
      "mode": "managed",
      "type": "aws_key_pair",
      "name": "deployer",
      "provider": "provider[\"registry.terraform.io/hashicorp/aws\"]",
      "instances": [
        {
          "schema_version": 1,
          "attributes": {
            "arn": "arn:aws:ec2:us-east-2:726205841680:key-pair/public_key",
            "fingerprint": "c8:76:09:6e:21:c8:54:59:16:9d:63:94:b6:39:ba:97",
            "id": "public_key",
            "key_name": "public_key",
            "key_name_prefix": "",
            "key_pair_id": "key-0feaf7ede212ffa2f",
            "key_type": "rsa",
            "public_key": "ssh-rsa AAAAB3NzaC1yc2EAAAADAQABAAABgQCiOZ6njmIq6SvyIgCfp4hBXtwtUQQseMOrTfTpPM7eig5x4CsQs8x/3KRPNUhSB1/+GNRFm8OaE167/2CwVF5wPs8yTxWYCAIEC4efwFAHezp/ae5BCXg0BxvEBPQbXqk83hm50T8F5lHjqIq0LM4WueWFXdS2wMpkomwhv1CToJSZi7stt6Qt3SU5/j+K0Ch6beKMBtQcDSim3LnhsYyw5y7DIMAHAIGo6UDUCkmVrm2cKSaQu7NZloM0Blg626rsSasX71wOHg6SbaBr7zoqYe5BGbVEVKEO9G1+rB5mVbuXiOcg4n79gqtaLnEc/t6UZh1cuELFwoLwvm9otVNFjyGp7Eu3nU8MarQ5ui0hZTCDLHxem+reswcqBtZlFSm13KyNbh/NPKQVjexFWeVKIIyZ1uhRx1ACD/p2oa42/URP9vB3asImfxYsVHML1tAQEjuHrpYZH+u0PwKi8/GyQUSbz6u78NBlTjqaFrXbbYDf5Y6wbA8mlvXBn89nmx0= ub@ub-Vmbox",
            "tags": {},
            "tags_all": {}
          },
          "sensitive_attributes": [],
          "private": "eyJzY2hlbWFfdmVyc2lvbiI6IjEifQ=="
        }
      ]
    },
    {
      "mode": "managed",
      "type": "aws_security_group",
      "name": "east_1_sg",
      "provider": "provider[\"registry.terraform.io/hashicorp/aws\"]",
      "instances": [
        {
          "schema_version": 1,
          "attributes": {
            "arn": "arn:aws:ec2:us-east-2:726205841680:security-group/sg-0acf3c1d73df5397d",
            "description": "security group for east_1",
            "egress": [
              {
                "cidr_blocks": [
                  "0.0.0.0/0"
                ],
                "description": "",
                "from_port": 22,
                "ipv6_cidr_blocks": [],
                "prefix_list_ids": [],
                "protocol": "tcp",
                "security_groups": [],
                "self": false,
                "to_port": 22
              },
              {
                "cidr_blocks": [
                  "0.0.0.0/0"
                ],
                "description": "",
                "from_port": 443,
                "ipv6_cidr_blocks": [],
                "prefix_list_ids": [],
                "protocol": "tcp",
                "security_groups": [],
                "self": false,
                "to_port": 443
              }
            ],
            "id": "sg-0acf3c1d73df5397d",
            "ingress": [
              {
                "cidr_blocks": [
                  "0.0.0.0/0"
                ],
                "description": "",
                "from_port": 22,
                "ipv6_cidr_blocks": [],
                "prefix_list_ids": [],
                "protocol": "tcp",
                "security_groups": [],
                "self": false,
                "to_port": 22
              },
              {
                "cidr_blocks": [
                  "0.0.0.0/0"
                ],
                "description": "",
                "from_port": 443,
                "ipv6_cidr_blocks": [],
                "prefix_list_ids": [],
                "protocol": "tcp",
                "security_groups": [],
                "self": false,
                "to_port": 443
              }
            ],
            "name": "Security_east_1",
            "name_prefix": "",
            "owner_id": "726205841680",
            "revoke_rules_on_delete": false,
            "tags": {},
            "tags_all": {},
            "timeouts": null,
            "vpc_id": "vpc-0b985decd28a6dcc7"
          },
          "sensitive_attributes": [],
          "private": "eyJlMmJmYjczMC1lY2FhLTExZTYtOGY4OC0zNDM2M2JjN2M0YzAiOnsiY3JlYXRlIjo2MDAwMDAwMDAwMDAsImRlbGV0ZSI6OTAwMDAwMDAwMDAwfSwic2NoZW1hX3ZlcnNpb24iOiIxIn0="
        }
      ]
    },
    {
      "mode": "managed",
      "type": "aws_security_group",
      "name": "east_2_sg",
      "provider": "provider[\"registry.terraform.io/hashicorp/aws\"].northvirginia",
      "instances": [
        {
          "schema_version": 1,
          "attributes": {
            "arn": "arn:aws:ec2:us-east-1:726205841680:security-group/sg-03972f238b59f4d00",
            "description": "security group for east_2",
            "egress": [
              {
                "cidr_blocks": [
                  "0.0.0.0/24"
                ],
                "description": "",
                "from_port": 22,
                "ipv6_cidr_blocks": [],
                "prefix_list_ids": [],
                "protocol": "tcp",
                "security_groups": [],
                "self": false,
                "to_port": 22
              },
              {
                "cidr_blocks": [
                  "0.0.0.0/24"
                ],
                "description": "",
                "from_port": 443,
                "ipv6_cidr_blocks": [],
                "prefix_list_ids": [],
                "protocol": "tcp",
                "security_groups": [],
                "self": false,
                "to_port": 443
              }
            ],
            "id": "sg-03972f238b59f4d00",
            "ingress": [
              {
                "cidr_blocks": [
                  "0.0.0.0/24"
                ],
                "description": "",
                "from_port": 22,
                "ipv6_cidr_blocks": [],
                "prefix_list_ids": [],
                "protocol": "tcp",
                "security_groups": [],
                "self": false,
                "to_port": 22
              },
              {
                "cidr_blocks": [
                  "0.0.0.0/24"
                ],
                "description": "",
                "from_port": 443,
                "ipv6_cidr_blocks": [],
                "prefix_list_ids": [],
                "protocol": "tcp",
                "security_groups": [],
                "self": false,
                "to_port": 443
              }
            ],
            "name": "Security_east_2",
            "name_prefix": "",
            "owner_id": "726205841680",
            "revoke_rules_on_delete": false,
            "tags": {},
            "tags_all": {},
            "timeouts": null,
            "vpc_id": "vpc-0a9f5a74c60ffa3af"
          },
          "sensitive_attributes": [],
          "private": "eyJlMmJmYjczMC1lY2FhLTExZTYtOGY4OC0zNDM2M2JjN2M0YzAiOnsiY3JlYXRlIjo2MDAwMDAwMDAwMDAsImRlbGV0ZSI6OTAwMDAwMDAwMDAwfSwic2NoZW1hX3ZlcnNpb24iOiIxIn0="
        }
      ]
    }
  ],
  "check_results": null
}
