{
  "version": 4,
  "terraform_version": "1.6.2",
  "serial": 10,
  "lineage": "5c97e86c-a18e-ecce-d516-bf7c0ff4b4b7",
  "outputs": {},
  "resources": [
    {
      "module": "module.ec2_instace_iam_profile",
      "mode": "managed",
      "type": "aws_iam_group",
      "name": "group_name",
      "provider": "module.ec2_instace_iam_profile.provider[\"registry.terraform.io/hashicorp/aws\"]",
      "instances": [
        {
          "schema_version": 0,
          "attributes": {
            "arn": "arn:aws:iam::726205841680:group/ram",
            "id": "ram",
            "name": "ram",
            "path": "/",
            "unique_id": "AGPA2SFJ5YEIOJQ2TKOFU"
          },
          "sensitive_attributes": [],
          "private": "bnVsbA=="
        }
      ]
    },
    {
      "module": "module.ec2_instace_iam_profile",
      "mode": "managed",
      "type": "aws_iam_group_policy_attachment",
      "name": "attaching_policy",
      "provider": "module.ec2_instace_iam_profile.provider[\"registry.terraform.io/hashicorp/aws\"]",
      "instances": [
        {
          "schema_version": 0,
          "attributes": {
            "group": "ram",
            "id": "ram-20231030123639084400000003",
            "policy_arn": "arn:aws:iam::aws:policy/AmazonEC2FullAccess"
          },
          "sensitive_attributes": [],
          "private": "bnVsbA==",
          "dependencies": [
            "module.ec2_instace_iam_profile.aws_iam_group.group_name"
          ]
        }
      ]
    },
    {
      "module": "module.ec2_instace_iam_profile",
      "mode": "managed",
      "type": "aws_iam_user",
      "name": "name",
      "provider": "module.ec2_instace_iam_profile.provider[\"registry.terraform.io/hashicorp/aws\"]",
      "instances": [
        {
          "schema_version": 0,
          "attributes": {
            "arn": "arn:aws:iam::726205841680:user/pasupathy",
            "force_destroy": false,
            "id": "pasupathy",
            "name": "pasupathy",
            "path": "/",
            "permissions_boundary": "",
            "tags": {},
            "tags_all": {},
            "unique_id": "AIDA2SFJ5YEIDOJVSB36L"
          },
          "sensitive_attributes": [],
          "private": "bnVsbA=="
        }
      ]
    },
    {
      "module": "module.ec2_instace_iam_profile",
      "mode": "managed",
      "type": "aws_iam_user_group_membership",
      "name": "adding_member",
      "provider": "module.ec2_instace_iam_profile.provider[\"registry.terraform.io/hashicorp/aws\"]",
      "instances": [
        {
          "schema_version": 0,
          "attributes": {
            "groups": [
              "ram"
            ],
            "id": "terraform-20231030123639056300000002",
            "user": "pasupathy"
          },
          "sensitive_attributes": [],
          "private": "bnVsbA==",
          "dependencies": [
            "module.ec2_instace_iam_profile.aws_iam_group.group_name",
            "module.ec2_instace_iam_profile.aws_iam_user.name"
          ]
        }
      ]
    },
    {
      "module": "module.ec2_instace_iam_profile",
      "mode": "managed",
      "type": "aws_instance",
      "name": "ec2",
      "provider": "module.ec2_instace_iam_profile.provider[\"registry.terraform.io/hashicorp/aws\"]",
      "instances": [
        {
          "schema_version": 1,
          "attributes": {
            "ami": "ami-0fa399d9c130ec923",
            "arn": "arn:aws:ec2:us-east-2:726205841680:instance/i-07567f1ea14a44c0c",
            "associate_public_ip_address": true,
            "availability_zone": "us-east-2a",
            "capacity_reservation_specification": [
              {
                "capacity_reservation_preference": "open",
                "capacity_reservation_target": []
              }
            ],
            "cpu_core_count": 1,
            "cpu_options": [
              {
                "amd_sev_snp": "",
                "core_count": 1,
                "threads_per_core": 1
              }
            ],
            "cpu_threads_per_core": 1,
            "credit_specification": [
              {
                "cpu_credits": "standard"
              }
            ],
            "disable_api_stop": false,
            "disable_api_termination": false,
            "ebs_block_device": [],
            "ebs_optimized": false,
            "enclave_options": [
              {
                "enabled": false
              }
            ],
            "ephemeral_block_device": [],
            "get_password_data": false,
            "hibernation": false,
            "host_id": "",
            "host_resource_group_arn": null,
            "iam_instance_profile": "",
            "id": "i-07567f1ea14a44c0c",
            "instance_initiated_shutdown_behavior": "stop",
            "instance_lifecycle": "",
            "instance_market_options": [],
            "instance_state": "running",
            "instance_type": "t2.micro",
            "ipv6_address_count": 0,
            "ipv6_addresses": [],
            "key_name": "",
            "launch_template": [],
            "maintenance_options": [
              {
                "auto_recovery": "default"
              }
            ],
            "metadata_options": [
              {
                "http_endpoint": "enabled",
                "http_protocol_ipv6": "disabled",
                "http_put_response_hop_limit": 2,
                "http_tokens": "required",
                "instance_metadata_tags": "disabled"
              }
            ],
            "monitoring": false,
            "network_interface": [],
            "outpost_arn": "",
            "password_data": "",
            "placement_group": "",
            "placement_partition_number": 0,
            "primary_network_interface_id": "eni-00b56256f39b71488",
            "private_dns": "ip-172-31-3-75.us-east-2.compute.internal",
            "private_dns_name_options": [
              {
                "enable_resource_name_dns_a_record": false,
                "enable_resource_name_dns_aaaa_record": false,
                "hostname_type": "ip-name"
              }
            ],
            "private_ip": "172.31.3.75",
            "public_dns": "ec2-3-141-21-69.us-east-2.compute.amazonaws.com",
            "public_ip": "3.141.21.69",
            "root_block_device": [
              {
                "delete_on_termination": true,
                "device_name": "/dev/xvda",
                "encrypted": false,
                "iops": 3000,
                "kms_key_id": "",
                "tags": {},
                "throughput": 125,
                "volume_id": "vol-035a6a19a5f01a4fb",
                "volume_size": 8,
                "volume_type": "gp3"
              }
            ],
            "secondary_private_ips": [],
            "security_groups": [
              "default"
            ],
            "source_dest_check": true,
            "spot_instance_request_id": "",
            "subnet_id": "subnet-0062c863a06bd1853",
            "tags": null,
            "tags_all": {},
            "tenancy": "default",
            "timeouts": null,
            "user_data": null,
            "user_data_base64": null,
            "user_data_replace_on_change": false,
            "volume_tags": null,
            "vpc_security_group_ids": [
              "sg-0faa62e6a660a6b29"
            ]
          },
          "sensitive_attributes": [],
          "private": "eyJlMmJmYjczMC1lY2FhLTExZTYtOGY4OC0zNDM2M2JjN2M0YzAiOnsiY3JlYXRlIjo2MDAwMDAwMDAwMDAsImRlbGV0ZSI6MTIwMDAwMDAwMDAwMCwidXBkYXRlIjo2MDAwMDAwMDAwMDB9LCJzY2hlbWFfdmVyc2lvbiI6IjEifQ=="
        }
      ]
    }
  ],
  "check_results": null
}
